// !$*UTF8*$!
{
	archiveVersion = 1;
	classes = {
	};
	objectVersion = 46;
	objects = {

/* Begin PBXBuildFile section */
		D101613A1DCB14DC00B438BB /* RateViewController.swift in Sources */ = {isa = PBXBuildFile; fileRef = D10161391DCB14DC00B438BB /* RateViewController.swift */; };
		D12288351DC9386600366171 /* AppDelegate.swift in Sources */ = {isa = PBXBuildFile; fileRef = D12288341DC9386600366171 /* AppDelegate.swift */; };
		D122883A1DC9386600366171 /* Main.storyboard in Resources */ = {isa = PBXBuildFile; fileRef = D12288381DC9386600366171 /* Main.storyboard */; };
		D122883C1DC9386600366171 /* Assets.xcassets in Resources */ = {isa = PBXBuildFile; fileRef = D122883B1DC9386600366171 /* Assets.xcassets */; };
		D122883F1DC9386600366171 /* LaunchScreen.storyboard in Resources */ = {isa = PBXBuildFile; fileRef = D122883D1DC9386600366171 /* LaunchScreen.storyboard */; };
		D12288471DCA218300366171 /* SwiftAppTableViewController.swift in Sources */ = {isa = PBXBuildFile; fileRef = D12288461DCA218300366171 /* SwiftAppTableViewController.swift */; };
		D12288491DCA256B00366171 /* SwiftAppTableViewCell.swift in Sources */ = {isa = PBXBuildFile; fileRef = D12288481DCA256B00366171 /* SwiftAppTableViewCell.swift */; };
		D122884B1DCA893D00366171 /* DetailViewController.swift in Sources */ = {isa = PBXBuildFile; fileRef = D122884A1DCA893D00366171 /* DetailViewController.swift */; };
		D122884F1DCA986D00366171 /* DetailTableViewCell.swift in Sources */ = {isa = PBXBuildFile; fileRef = D122884E1DCA986D00366171 /* DetailTableViewCell.swift */; };
		D1684F811DD1A4A80040510B /* CoreDataStack.swift in Sources */ = {isa = PBXBuildFile; fileRef = D1684F801DD1A4A80040510B /* CoreDataStack.swift */; };
		D1684F841DD1A6C50040510B /* SwiftUITableViewApp.xcdatamodeld in Sources */ = {isa = PBXBuildFile; fileRef = D1684F821DD1A6C50040510B /* SwiftUITableViewApp.xcdatamodeld */; };
		D1684F861DD1E7D30040510B /* ContentViewController.swift in Sources */ = {isa = PBXBuildFile; fileRef = D1684F851DD1E7D30040510B /* ContentViewController.swift */; };
		D1684F881DD1E7FF0040510B /* PageViewController.swift in Sources */ = {isa = PBXBuildFile; fileRef = D1684F871DD1E7FF0040510B /* PageViewController.swift */; };
		D1684F8B1DD20F030040510B /* AboutTableViewController.swift in Sources */ = {isa = PBXBuildFile; fileRef = D1684F8A1DD20F030040510B /* AboutTableViewController.swift */; };
		D1684F8D1DD4C92E0040510B /* WebViewController.swift in Sources */ = {isa = PBXBuildFile; fileRef = D1684F8C1DD4C92E0040510B /* WebViewController.swift */; };
		D1684F901DD4D4650040510B /* CloudKit.framework in Frameworks */ = {isa = PBXBuildFile; fileRef = D1684F8F1DD4D4650040510B /* CloudKit.framework */; };
		D1684F921DD4DB310040510B /* PopularTableViewController.swift in Sources */ = {isa = PBXBuildFile; fileRef = D1684F911DD4DB310040510B /* PopularTableViewController.swift */; };
		D168E70C1DD0E6C1001FCC50 /* MapViewController.swift in Sources */ = {isa = PBXBuildFile; fileRef = D168E70B1DD0E6C1001FCC50 /* MapViewController.swift */; };
		D168E70F1DD0E74E001FCC50 /* MapKit.framework in Frameworks */ = {isa = PBXBuildFile; fileRef = D168E70E1DD0E74E001FCC50 /* MapKit.framework */; };
		D168E7111DD119C7001FCC50 /* NewEateryTableViewController.swift in Sources */ = {isa = PBXBuildFile; fileRef = D168E7101DD119C7001FCC50 /* NewEateryTableViewController.swift */; };
/* End PBXBuildFile section */

/* Begin PBXFileReference section */
		D10161391DCB14DC00B438BB /* RateViewController.swift */ = {isa = PBXFileReference; fileEncoding = 4; lastKnownFileType = sourcecode.swift; path = RateViewController.swift; sourceTree = "<group>"; };
		D12288311DC9386600366171 /* SwiftUITableViewApp.app */ = {isa = PBXFileReference; explicitFileType = wrapper.application; includeInIndex = 0; path = SwiftUITableViewApp.app; sourceTree = BUILT_PRODUCTS_DIR; };
		D12288341DC9386600366171 /* AppDelegate.swift */ = {isa = PBXFileReference; lastKnownFileType = sourcecode.swift; path = AppDelegate.swift; sourceTree = "<group>"; };
		D12288391DC9386600366171 /* Base */ = {isa = PBXFileReference; lastKnownFileType = file.storyboard; name = Base; path = Base.lproj/Main.storyboard; sourceTree = "<group>"; };
		D122883B1DC9386600366171 /* Assets.xcassets */ = {isa = PBXFileReference; lastKnownFileType = folder.assetcatalog; path = Assets.xcassets; sourceTree = "<group>"; };
		D122883E1DC9386600366171 /* Base */ = {isa = PBXFileReference; lastKnownFileType = file.storyboard; name = Base; path = Base.lproj/LaunchScreen.storyboard; sourceTree = "<group>"; };
		D12288401DC9386600366171 /* Info.plist */ = {isa = PBXFileReference; lastKnownFileType = text.plist.xml; path = Info.plist; sourceTree = "<group>"; };
		D12288461DCA218300366171 /* SwiftAppTableViewController.swift */ = {isa = PBXFileReference; fileEncoding = 4; lastKnownFileType = sourcecode.swift; path = SwiftAppTableViewController.swift; sourceTree = "<group>"; };
		D12288481DCA256B00366171 /* SwiftAppTableViewCell.swift */ = {isa = PBXFileReference; fileEncoding = 4; lastKnownFileType = sourcecode.swift; path = SwiftAppTableViewCell.swift; sourceTree = "<group>"; };
		D122884A1DCA893D00366171 /* DetailViewController.swift */ = {isa = PBXFileReference; fileEncoding = 4; lastKnownFileType = sourcecode.swift; path = DetailViewController.swift; sourceTree = "<group>"; };
		D122884E1DCA986D00366171 /* DetailTableViewCell.swift */ = {isa = PBXFileReference; fileEncoding = 4; lastKnownFileType = sourcecode.swift; path = DetailTableViewCell.swift; sourceTree = "<group>"; };
		D1684F801DD1A4A80040510B /* CoreDataStack.swift */ = {isa = PBXFileReference; fileEncoding = 4; lastKnownFileType = sourcecode.swift; path = CoreDataStack.swift; sourceTree = "<group>"; };
		D1684F831DD1A6C50040510B /* SwiftUITableViewApp.xcdatamodel */ = {isa = PBXFileReference; lastKnownFileType = wrapper.xcdatamodel; path = SwiftUITableViewApp.xcdatamodel; sourceTree = "<group>"; };
		D1684F851DD1E7D30040510B /* ContentViewController.swift */ = {isa = PBXFileReference; fileEncoding = 4; lastKnownFileType = sourcecode.swift; path = ContentViewController.swift; sourceTree = "<group>"; };
		D1684F871DD1E7FF0040510B /* PageViewController.swift */ = {isa = PBXFileReference; fileEncoding = 4; lastKnownFileType = sourcecode.swift; path = PageViewController.swift; sourceTree = "<group>"; };
		D1684F8A1DD20F030040510B /* AboutTableViewController.swift */ = {isa = PBXFileReference; fileEncoding = 4; lastKnownFileType = sourcecode.swift; path = AboutTableViewController.swift; sourceTree = "<group>"; };
		D1684F8C1DD4C92E0040510B /* WebViewController.swift */ = {isa = PBXFileReference; fileEncoding = 4; lastKnownFileType = sourcecode.swift; path = WebViewController.swift; sourceTree = "<group>"; };
		D1684F8E1DD4D45D0040510B /* SwiftUITableViewApp.entitlements */ = {isa = PBXFileReference; lastKnownFileType = text.plist.entitlements; path = SwiftUITableViewApp.entitlements; sourceTree = "<group>"; };
		D1684F8F1DD4D4650040510B /* CloudKit.framework */ = {isa = PBXFileReference; lastKnownFileType = wrapper.framework; name = CloudKit.framework; path = System/Library/Frameworks/CloudKit.framework; sourceTree = SDKROOT; };
		D1684F911DD4DB310040510B /* PopularTableViewController.swift */ = {isa = PBXFileReference; fileEncoding = 4; lastKnownFileType = sourcecode.swift; path = PopularTableViewController.swift; sourceTree = "<group>"; };
		D168E70B1DD0E6C1001FCC50 /* MapViewController.swift */ = {isa = PBXFileReference; fileEncoding = 4; lastKnownFileType = sourcecode.swift; path = MapViewController.swift; sourceTree = "<group>"; };
		D168E70E1DD0E74E001FCC50 /* MapKit.framework */ = {isa = PBXFileReference; lastKnownFileType = wrapper.framework; name = MapKit.framework; path = System/Library/Frameworks/MapKit.framework; sourceTree = SDKROOT; };
		D168E7101DD119C7001FCC50 /* NewEateryTableViewController.swift */ = {isa = PBXFileReference; fileEncoding = 4; lastKnownFileType = sourcecode.swift; path = NewEateryTableViewController.swift; sourceTree = "<group>"; };
/* End PBXFileReference section */

/* Begin PBXFrameworksBuildPhase section */
		D122882E1DC9386600366171 /* Frameworks */ = {
			isa = PBXFrameworksBuildPhase;
			buildActionMask = 2147483647;
			files = (
				D168E70F1DD0E74E001FCC50 /* MapKit.framework in Frameworks */,
				D1684F901DD4D4650040510B /* CloudKit.framework in Frameworks */,
			);
			runOnlyForDeploymentPostprocessing = 0;
		};
/* End PBXFrameworksBuildPhase section */

/* Begin PBXGroup section */
		D12288281DC9386600366171 = {
			isa = PBXGroup;
			children = (
				D12288331DC9386600366171 /* SwiftUITableViewApp */,
				D12288321DC9386600366171 /* Products */,
				D168E70D1DD0E74E001FCC50 /* Frameworks */,
			);
			sourceTree = "<group>";
		};
		D12288321DC9386600366171 /* Products */ = {
			isa = PBXGroup;
			children = (
				D12288311DC9386600366171 /* SwiftUITableViewApp.app */,
			);
			name = Products;
			sourceTree = "<group>";
		};
		D12288331DC9386600366171 /* SwiftUITableViewApp */ = {
			isa = PBXGroup;
			children = (
				D12288341DC9386600366171 /* AppDelegate.swift */,
				D1684F801DD1A4A80040510B /* CoreDataStack.swift */,
				D12288461DCA218300366171 /* SwiftAppTableViewController.swift */,
				D12288481DCA256B00366171 /* SwiftAppTableViewCell.swift */,
				D10161391DCB14DC00B438BB /* RateViewController.swift */,
				D168E70B1DD0E6C1001FCC50 /* MapViewController.swift */,
				D168E7101DD119C7001FCC50 /* NewEateryTableViewController.swift */,
				D1684F8A1DD20F030040510B /* AboutTableViewController.swift */,
				D1684F8C1DD4C92E0040510B /* WebViewController.swift */,
				D1684F911DD4DB310040510B /* PopularTableViewController.swift */,
				D1684F8E1DD4D45D0040510B /* SwiftUITableViewApp.entitlements */,
				D1684F891DD1E9950040510B /* Page */,
				D12288501DCA988E00366171 /* Detail */,
				D12288381DC9386600366171 /* Main.storyboard */,
				D1684F821DD1A6C50040510B /* SwiftUITableViewApp.xcdatamodeld */,
				D122883B1DC9386600366171 /* Assets.xcassets */,
				D122883D1DC9386600366171 /* LaunchScreen.storyboard */,
				D12288401DC9386600366171 /* Info.plist */,
			);
			path = SwiftUITableViewApp;
			sourceTree = "<group>";
		};
		D12288501DCA988E00366171 /* Detail */ = {
			isa = PBXGroup;
			children = (
				D122884A1DCA893D00366171 /* DetailViewController.swift */,
				D122884E1DCA986D00366171 /* DetailTableViewCell.swift */,
			);
			name = Detail;
			sourceTree = "<group>";
		};
		D1684F891DD1E9950040510B /* Page */ = {
			isa = PBXGroup;
			children = (
				D1684F851DD1E7D30040510B /* ContentViewController.swift */,
				D1684F871DD1E7FF0040510B /* PageViewController.swift */,
			);
			name = Page;
			sourceTree = "<group>";
		};
		D168E70D1DD0E74E001FCC50 /* Frameworks */ = {
			isa = PBXGroup;
			children = (
				D1684F8F1DD4D4650040510B /* CloudKit.framework */,
				D168E70E1DD0E74E001FCC50 /* MapKit.framework */,
			);
			name = Frameworks;
			sourceTree = "<group>";
		};
/* End PBXGroup section */

/* Begin PBXNativeTarget section */
		D12288301DC9386600366171 /* SwiftUITableViewApp */ = {
			isa = PBXNativeTarget;
			buildConfigurationList = D12288431DC9386600366171 /* Build configuration list for PBXNativeTarget "SwiftUITableViewApp" */;
			buildPhases = (
				D122882D1DC9386600366171 /* Sources */,
				D122882E1DC9386600366171 /* Frameworks */,
				D122882F1DC9386600366171 /* Resources */,
			);
			buildRules = (
			);
			dependencies = (
			);
			name = SwiftUITableViewApp;
			productName = SwiftUITableViewApp;
			productReference = D12288311DC9386600366171 /* SwiftUITableViewApp.app */;
			productType = "com.apple.product-type.application";
		};
/* End PBXNativeTarget section */

/* Begin PBXProject section */
		D12288291DC9386600366171 /* Project object */ = {
			isa = PBXProject;
			attributes = {
				LastSwiftUpdateCheck = 0810;
				LastUpgradeCheck = 0810;
				ORGANIZATIONNAME = "Ekaterina Krasnova";
				TargetAttributes = {
					D12288301DC9386600366171 = {
						CreatedOnToolsVersion = 8.1;
						DevelopmentTeam = VFT96SPKF7;
						ProvisioningStyle = Automatic;
						SystemCapabilities = {
							com.apple.Maps.iOS = {
								enabled = 1;
							};
							com.apple.Push = {
								enabled = 0;
							};
							com.apple.iCloud = {
								enabled = 1;
							};
						};
					};
				};
			};
			buildConfigurationList = D122882C1DC9386600366171 /* Build configuration list for PBXProject "SwiftUITableViewApp" */;
			compatibilityVersion = "Xcode 3.2";
			developmentRegion = English;
			hasScannedForEncodings = 0;
			knownRegions = (
				en,
				Base,
			);
			mainGroup = D12288281DC9386600366171;
			productRefGroup = D12288321DC9386600366171 /* Products */;
			projectDirPath = "";
			projectRoot = "";
			targets = (
				D12288301DC9386600366171 /* SwiftUITableViewApp */,
			);
		};
/* End PBXProject section */

/* Begin PBXResourcesBuildPhase section */
		D122882F1DC9386600366171 /* Resources */ = {
			isa = PBXResourcesBuildPhase;
			buildActionMask = 2147483647;
			files = (
				D122883F1DC9386600366171 /* LaunchScreen.storyboard in Resources */,
				D122883C1DC9386600366171 /* Assets.xcassets in Resources */,
				D122883A1DC9386600366171 /* Main.storyboard in Resources */,
			);
			runOnlyForDeploymentPostprocessing = 0;
		};
/* End PBXResourcesBuildPhase section */

/* Begin PBXSourcesBuildPhase section */
		D122882D1DC9386600366171 /* Sources */ = {
			isa = PBXSourcesBuildPhase;
			buildActionMask = 2147483647;
			files = (
				D122884F1DCA986D00366171 /* DetailTableViewCell.swift in Sources */,
				D1684F8B1DD20F030040510B /* AboutTableViewController.swift in Sources */,
				D1684F841DD1A6C50040510B /* SwiftUITableViewApp.xcdatamodeld in Sources */,
				D12288351DC9386600366171 /* AppDelegate.swift in Sources */,
				D1684F881DD1E7FF0040510B /* PageViewController.swift in Sources */,
				D12288471DCA218300366171 /* SwiftAppTableViewController.swift in Sources */,
				D12288491DCA256B00366171 /* SwiftAppTableViewCell.swift in Sources */,
				D1684F811DD1A4A80040510B /* CoreDataStack.swift in Sources */,
				D122884B1DCA893D00366171 /* DetailViewController.swift in Sources */,
				D168E7111DD119C7001FCC50 /* NewEateryTableViewController.swift in Sources */,
				D1684F861DD1E7D30040510B /* ContentViewController.swift in Sources */,
				D1684F8D1DD4C92E0040510B /* WebViewController.swift in Sources */,
				D101613A1DCB14DC00B438BB /* RateViewController.swift in Sources */,
				D168E70C1DD0E6C1001FCC50 /* MapViewController.swift in Sources */,
				D1684F921DD4DB310040510B /* PopularTableViewController.swift in Sources */,
			);
			runOnlyForDeploymentPostprocessing = 0;
		};
/* End PBXSourcesBuildPhase section */

/* Begin PBXVariantGroup section */
		D12288381DC9386600366171 /* Main.storyboard */ = {
			isa = PBXVariantGroup;
			children = (
				D12288391DC9386600366171 /* Base */,
			);
			name = Main.storyboard;
			sourceTree = "<group>";
		};
		D122883D1DC9386600366171 /* LaunchScreen.storyboard */ = {
			isa = PBXVariantGroup;
			children = (
				D122883E1DC9386600366171 /* Base */,
			);
			name = LaunchScreen.storyboard;
			sourceTree = "<group>";
		};
/* End PBXVariantGroup section */

/* Begin XCBuildConfiguration section */
		D12288411DC9386600366171 /* Debug */ = {
			isa = XCBuildConfiguration;
			buildSettings = {
				ALWAYS_SEARCH_USER_PATHS = NO;
				CLANG_ANALYZER_NONNULL = YES;
				CLANG_CXX_LANGUAGE_STANDARD = "gnu++0x";
				CLANG_CXX_LIBRARY = "libc++";
				CLANG_ENABLE_MODULES = YES;
				CLANG_ENABLE_OBJC_ARC = YES;
				CLANG_WARN_BOOL_CONVERSION = YES;
				CLANG_WARN_CONSTANT_CONVERSION = YES;
				CLANG_WARN_DIRECT_OBJC_ISA_USAGE = YES_ERROR;
				CLANG_WARN_DOCUMENTATION_COMMENTS = YES;
				CLANG_WARN_EMPTY_BODY = YES;
				CLANG_WARN_ENUM_CONVERSION = YES;
				CLANG_WARN_INFINITE_RECURSION = YES;
				CLANG_WARN_INT_CONVERSION = YES;
				CLANG_WARN_OBJC_ROOT_CLASS = YES_ERROR;
				CLANG_WARN_SUSPICIOUS_MOVES = YES;
				CLANG_WARN_UNREACHABLE_CODE = YES;
				CLANG_WARN__DUPLICATE_METHOD_MATCH = YES;
				"CODE_SIGN_IDENTITY[sdk=iphoneos*]" = "iPhone Developer";
				COPY_PHASE_STRIP = NO;
				DEBUG_INFORMATION_FORMAT = dwarf;
				ENABLE_STRICT_OBJC_MSGSEND = YES;
				ENABLE_TESTABILITY = YES;
				GCC_C_LANGUAGE_STANDARD = gnu99;
				GCC_DYNAMIC_NO_PIC = NO;
				GCC_NO_COMMON_BLOCKS = YES;
				GCC_OPTIMIZATION_LEVEL = 0;
				GCC_PREPROCESSOR_DEFINITIONS = (
					"DEBUG=1",
					"$(inherited)",
				);
				GCC_WARN_64_TO_32_BIT_CONVERSION = YES;
				GCC_WARN_ABOUT_RETURN_TYPE = YES_ERROR;
				GCC_WARN_UNDECLARED_SELECTOR = YES;
				GCC_WARN_UNINITIALIZED_AUTOS = YES_AGGRESSIVE;
				GCC_WARN_UNUSED_FUNCTION = YES;
				GCC_WARN_UNUSED_VARIABLE = YES;
				IPHONEOS_DEPLOYMENT_TARGET = 10.1;
				MTL_ENABLE_DEBUG_INFO = YES;
				ONLY_ACTIVE_ARCH = YES;
				SDKROOT = iphoneos;
				SWIFT_ACTIVE_COMPILATION_CONDITIONS = DEBUG;
				SWIFT_OPTIMIZATION_LEVEL = "-Onone";
			};
			name = Debug;
		};
		D12288421DC9386600366171 /* Release */ = {
			isa = XCBuildConfiguration;
			buildSettings = {
				ALWAYS_SEARCH_USER_PATHS = NO;
				CLANG_ANALYZER_NONNULL = YES;
				CLANG_CXX_LANGUAGE_STANDARD = "gnu++0x";
				CLANG_CXX_LIBRARY = "libc++";
				CLANG_ENABLE_MODULES = YES;
				CLANG_ENABLE_OBJC_ARC = YES;
				CLANG_WARN_BOOL_CONVERSION = YES;
				CLANG_WARN_CONSTANT_CONVERSION = YES;
				CLANG_WARN_DIRECT_OBJC_ISA_USAGE = YES_ERROR;
				CLANG_WARN_DOCUMENTATION_COMMENTS = YES;
				CLANG_WARN_EMPTY_BODY = YES;
				CLANG_WARN_ENUM_CONVERSION = YES;
				CLANG_WARN_INFINITE_RECURSION = YES;
				CLANG_WARN_INT_CONVERSION = YES;
				CLANG_WARN_OBJC_ROOT_CLASS = YES_ERROR;
				CLANG_WARN_SUSPICIOUS_MOVES = YES;
				CLANG_WARN_UNREACHABLE_CODE = YES;
				CLANG_WARN__DUPLICATE_METHOD_MATCH = YES;
				"CODE_SIGN_IDENTITY[sdk=iphoneos*]" = "iPhone Developer";
				COPY_PHASE_STRIP = NO;
				DEBUG_INFORMATION_FORMAT = "dwarf-with-dsym";
				ENABLE_NS_ASSERTIONS = NO;
				ENABLE_STRICT_OBJC_MSGSEND = YES;
				GCC_C_LANGUAGE_STANDARD = gnu99;
				GCC_NO_COMMON_BLOCKS = YES;
				GCC_WARN_64_TO_32_BIT_CONVERSION = YES;
				GCC_WARN_ABOUT_RETURN_TYPE = YES_ERROR;
				GCC_WARN_UNDECLARED_SELECTOR = YES;
				GCC_WARN_UNINITIALIZED_AUTOS = YES_AGGRESSIVE;
				GCC_WARN_UNUSED_FUNCTION = YES;
				GCC_WARN_UNUSED_VARIABLE = YES;
				IPHONEOS_DEPLOYMENT_TARGET = 10.1;
				MTL_ENABLE_DEBUG_INFO = NO;
				SDKROOT = iphoneos;
				SWIFT_OPTIMIZATION_LEVEL = "-Owholemodule";
				VALIDATE_PRODUCT = YES;
			};
			name = Release;
		};
		D12288441DC9386600366171 /* Debug */ = {
			isa = XCBuildConfiguration;
			buildSettings = {
				ASSETCATALOG_COMPILER_APPICON_NAME = AppIcon;
				CODE_SIGN_ENTITLEMENTS = SwiftUITableViewApp/SwiftUITableViewApp.entitlements;
				DEVELOPMENT_TEAM = VFT96SPKF7;
				INFOPLIST_FILE = SwiftUITableViewApp/Info.plist;
				LD_RUNPATH_SEARCH_PATHS = "$(inherited) @executable_path/Frameworks";
				PRODUCT_BUNDLE_IDENTIFIER = novaK.SwiftUITableViewApp;
				PRODUCT_NAME = "$(TARGET_NAME)";
				SWIFT_VERSION = 3.0;
			};
			name = Debug;
		};
		D12288451DC9386600366171 /* Release */ = {
			isa = XCBuildConfiguration;
			buildSettings = {
				ASSETCATALOG_COMPILER_APPICON_NAME = AppIcon;
				CODE_SIGN_ENTITLEMENTS = SwiftUITableViewApp/SwiftUITableViewApp.entitlements;
				DEVELOPMENT_TEAM = VFT96SPKF7;
				INFOPLIST_FILE = SwiftUITableViewApp/Info.plist;
				LD_RUNPATH_SEARCH_PATHS = "$(inherited) @executable_path/Frameworks";
				PRODUCT_BUNDLE_IDENTIFIER = novaK.SwiftUITableViewApp;
				PRODUCT_NAME = "$(TARGET_NAME)";
				SWIFT_VERSION = 3.0;
			};
			name = Release;
		};
/* End XCBuildConfiguration section */

/* Begin XCConfigurationList section */
		D122882C1DC9386600366171 /* Build configuration list for PBXProject "SwiftUITableViewApp" */ = {
			isa = XCConfigurationList;
			buildConfigurations = (
				D12288411DC9386600366171 /* Debug */,
				D12288421DC9386600366171 /* Release */,
			);
			defaultConfigurationIsVisible = 0;
			defaultConfigurationName = Release;
		};
		D12288431DC9386600366171 /* Build configuration list for PBXNativeTarget "SwiftUITableViewApp" */ = {
			isa = XCConfigurationList;
			buildConfigurations = (
				D12288441DC9386600366171 /* Debug */,
				D12288451DC9386600366171 /* Release */,
			);
			defaultConfigurationIsVisible = 0;
			defaultConfigurationName = Release;
		};
/* End XCConfigurationList section */

/* Begin XCVersionGroup section */
		D1684F821DD1A6C50040510B /* SwiftUITableViewApp.xcdatamodeld */ = {
			isa = XCVersionGroup;
			children = (
				D1684F831DD1A6C50040510B /* SwiftUITableViewApp.xcdatamodel */,
			);
			currentVersion = D1684F831DD1A6C50040510B /* SwiftUITableViewApp.xcdatamodel */;
			path = SwiftUITableViewApp.xcdatamodeld;
			sourceTree = "<group>";
			versionGroupType = wrapper.xcdatamodel;
		};
/* End XCVersionGroup section */
	};
	rootObject = D12288291DC9386600366171 /* Project object */;
}
